
Microsoft Visual Studio Solution File, Format Version 12.00
# Visual Studio Version 17
VisualStudioVersion = 17.1.32319.34
MinimumVisualStudioVersion = 10.0.40219.1
Project("{FAE04EC0-301F-11D3-BF4B-00C04F79EFBC}") = "BTL", "BTL\BTL.csproj", "{56A81736-FD85-4F17-AAFB-2B10D23D4422}"
EndProject
Global
	GlobalSection(SolutionConfigurationPlatforms) = preSolution
		Debug|Any CPU = Debug|Any CPU
		Release|Any CPU = Release|Any CPU
	EndGlobalSection
	GlobalSection(ProjectConfigurationPlatforms) = postSolution
		{56A81736-FD85-4F17-AAFB-2B10D23D4422}.Debug|Any CPU.ActiveCfg = Debug|Any CPU
		{56A81736-FD85-4F17-AAFB-2B10D23D4422}.Debug|Any CPU.Build.0 = Debug|Any CPU
		{56A81736-FD85-4F17-AAFB-2B10D23D4422}.Release|Any CPU.ActiveCfg = Release|Any CPU
		{56A81736-FD85-4F17-AAFB-2B10D23D4422}.Release|Any CPU.Build.0 = Release|Any CPU
	EndGlobalSection
	GlobalSection(SolutionProperties) = preSolution
		HideSolutionNode = FALSE
	EndGlobalSection
	GlobalSection(ExtensibilityGlobals) = postSolution
		SolutionGuid = {F0D71CBB-D24B-48D2-9CF7-2EAB1067FF90}
	EndGlobalSection
EndGlobal
